
Microsoft Visual Studio Solution File, Format Version 12.00
# Visual Studio Version 16
VisualStudioVersion = 16.0.29209.62
MinimumVisualStudioVersion = 10.0.40219.1
Project("{FAE04EC0-301F-11D3-BF4B-00C04F79EFBC}") = "tokenkong", "tokenkong\tokenkong.csproj", "{2C86466C-B2FD-40EC-AA22-822A5ECAFA9A}"
EndProject
Global
	GlobalSection(SolutionConfigurationPlatforms) = preSolution
		Debug|Any CPU = Debug|Any CPU
		Release|Any CPU = Release|Any CPU
	EndGlobalSection
	GlobalSection(ProjectConfigurationPlatforms) = postSolution
		{2C86466C-B2FD-40EC-AA22-822A5ECAFA9A}.Debug|Any CPU.ActiveCfg = Debug|Any CPU
		{2C86466C-B2FD-40EC-AA22-822A5ECAFA9A}.Debug|Any CPU.Build.0 = Debug|Any CPU
		{2C86466C-B2FD-40EC-AA22-822A5ECAFA9A}.Release|Any CPU.ActiveCfg = Release|Any CPU
		{2C86466C-B2FD-40EC-AA22-822A5ECAFA9A}.Release|Any CPU.Build.0 = Release|Any CPU
	EndGlobalSection
	GlobalSection(SolutionProperties) = preSolution
		HideSolutionNode = FALSE
	EndGlobalSection
	GlobalSection(ExtensibilityGlobals) = postSolution
		SolutionGuid = {DB564884-AB3A-4C38-8DC2-72B91F3159D9}
	EndGlobalSection
EndGlobal
